<?xml version="1.0" encoding="utf-8"?>
<Project ToolsVersion="4.0" xmlns="http://schemas.microsoft.com/developer/msbuild/2003">
  <ItemGroup>
    <Filter Include="Source Files">
      <UniqueIdentifier>{4FC737F1-C7A5-4376-A066-2A32D752A2FF}</UniqueIdentifier>
      <Extensions>cpp;c;cc;cxx;c++;cppm;ixx;def;odl;idl;hpj;bat;asm;asmx</Extensions>
    </Filter>
    <Filter Include="Header Files">
      <UniqueIdentifier>{93995380-89BD-4b04-88EB-625FBE52EBFB}</UniqueIdentifier>
      <Extensions>h;hh;hpp;hxx;h++;hm;inl;inc;ipp;xsd</Extensions>
    </Filter>
    <Filter Include="Resource Files">
      <UniqueIdentifier>{67DA6AB6-F800-4c08-8B7A-83BB121AAD01}</UniqueIdentifier>
      <Extensions>rc;ico;cur;bmp;dlg;rc2;rct;bin;rgs;gif;jpg;jpeg;jpe;resx;tiff;tif;png;wav;mfcribbon-ms</Extensions>
    </Filter>
  </ItemGroup>
  <ItemGroup>
    <ClInclude Include="button.h">
      <Filter>Header Files</Filter>
    </ClInclude>
    <ClInclude Include="checkInput.h">
      <Filter>Header Files</Filter>
    </ClInclude>
    <ClInclude Include="anchoredControl.h">
      <Filter>Header Files</Filter>
    </ClInclude>
    <ClInclude Include="control.h">
      <Filter>Header Files</Filter>
    </ClInclude>
    <ClInclude Include="fillbar.h">
      <Filter>Header Files</Filter>
    </ClInclude>
    <ClInclude Include="group.h">
      <Filter>Header Files</Filter>
    </ClInclude>
    <ClInclude Include="label.h">
      <Filter>Header Files</Filter>
    </ClInclude>
    <ClInclude Include="listBox.h">
      <Filter>Header Files</Filter>
    </ClInclude>
    <ClInclude Include="orientation.h">
      <Filter>Header Files</Filter>
    </ClInclude>
    <ClInclude Include="paint.h">
      <Filter>Header Files</Filter>
    </ClInclude>
    <ClInclude Include="picture.h">
      <Filter>Header Files</Filter>
    </ClInclude>
    <ClInclude Include="scrollBar.h">
      <Filter>Header Files</Filter>
    </ClInclude>
    <ClInclude Include="textInput.h">
      <Filter>Header Files</Filter>
    </ClInclude>
    <ClInclude Include="theme.h">
      <Filter>Header Files</Filter>
    </ClInclude>
    <ClInclude Include="_include.h">
      <Filter>Header Files</Filter>
    </ClInclude>
    <ClInclude Include="defaults.h">
      <Filter>Header Files</Filter>
    </ClInclude>
  </ItemGroup>
  <ItemGroup>
    <ClCompile Include="_src\button.cpp">
      <Filter>Source Files</Filter>
    </ClCompile>
    <ClCompile Include="_src\checkInput.cpp">
      <Filter>Source Files</Filter>
    </ClCompile>
    <ClCompile Include="_src\anchored.cpp">
      <Filter>Source Files</Filter>
    </ClCompile>
    <ClCompile Include="_src\control.cpp">
      <Filter>Source Files</Filter>
    </ClCompile>
    <ClCompile Include="_src\fillbar.cpp">
      <Filter>Source Files</Filter>
    </ClCompile>
    <ClCompile Include="_src\group.cpp">
      <Filter>Source Files</Filter>
    </ClCompile>
    <ClCompile Include="_src\label.cpp">
      <Filter>Source Files</Filter>
    </ClCompile>
    <ClCompile Include="_src\listBox.cpp">
      <Filter>Source Files</Filter>
    </ClCompile>
    <ClCompile Include="_src\paint.cpp">
      <Filter>Source Files</Filter>
    </ClCompile>
    <ClCompile Include="_src\picture.cpp">
      <Filter>Source Files</Filter>
    </ClCompile>
    <ClCompile Include="_src\scrollBar.cpp">
      <Filter>Source Files</Filter>
    </ClCompile>
    <ClCompile Include="_src\textInput.cpp">
      <Filter>Source Files</Filter>
    </ClCompile>
    <ClCompile Include="_src\theme.cpp">
      <Filter>Source Files</Filter>
    </ClCompile>
    <ClCompile Include="_src\defaults.cpp">
      <Filter>Source Files</Filter>
    </ClCompile>
  </ItemGroup>
</Project>